// !$*UTF8*$!
{
	archiveVersion = 1;
	classes = {
	};
	objectVersion = 46;
	objects = {

/* Begin PBXBuildFile section */
		A92440EF1C001C1E0052A44D /* SettingsViewController.swift in Sources */ = {isa = PBXBuildFile; fileRef = A92440EE1C001C1E0052A44D /* SettingsViewController.swift */; };
		A92D5FC21BFAE1B900B028D4 /* CalorieTableViewCell.swift in Sources */ = {isa = PBXBuildFile; fileRef = A92D5FC11BFAE1B900B028D4 /* CalorieTableViewCell.swift */; };
		A92D5FC41BFAE1E600B028D4 /* CalorieTableViewCell.xib in Resources */ = {isa = PBXBuildFile; fileRef = A92D5FC31BFAE1E600B028D4 /* CalorieTableViewCell.xib */; };
		A93F9F991ABBE51200B547DB /* Plan in Resources */ = {isa = PBXBuildFile; fileRef = A93F9F981ABBE51200B547DB /* Plan */; };
		A961274D1A4F1B530037BA46 /* SettingsModel.swift in Sources */ = {isa = PBXBuildFile; fileRef = A961274C1A4F1B530037BA46 /* SettingsModel.swift */; };
		A96127511A50756B0037BA46 /* Food.m in Sources */ = {isa = PBXBuildFile; fileRef = A96127501A50756B0037BA46 /* Food.m */; };
		A964B0701BF1969B007686F5 /* NumberView.swift in Sources */ = {isa = PBXBuildFile; fileRef = A964B06F1BF1969B007686F5 /* NumberView.swift */; };
		A964B0721BF19776007686F5 /* ThemeKit.swift in Sources */ = {isa = PBXBuildFile; fileRef = A964B0711BF19776007686F5 /* ThemeKit.swift */; };
		A96F683C1AD3787200735CE1 /* Food+AdditionalMethods.m in Sources */ = {isa = PBXBuildFile; fileRef = A96F683B1AD3787200735CE1 /* Food+AdditionalMethods.m */; };
		A9BB61691A4DCD6700E4731B /* AppDelegate.swift in Sources */ = {isa = PBXBuildFile; fileRef = A9BB61681A4DCD6700E4731B /* AppDelegate.swift */; };
		A9BB616C1A4DCD6700E4731B /* Calories.xcdatamodeld in Sources */ = {isa = PBXBuildFile; fileRef = A9BB616A1A4DCD6700E4731B /* Calories.xcdatamodeld */; };
		A9BB616E1A4DCD6700E4731B /* CalorieListViewController.swift in Sources */ = {isa = PBXBuildFile; fileRef = A9BB616D1A4DCD6700E4731B /* CalorieListViewController.swift */; };
		A9BB61711A4DCD6700E4731B /* Main.storyboard in Resources */ = {isa = PBXBuildFile; fileRef = A9BB616F1A4DCD6700E4731B /* Main.storyboard */; };
		A9BB61731A4DCD6700E4731B /* Images.xcassets in Resources */ = {isa = PBXBuildFile; fileRef = A9BB61721A4DCD6700E4731B /* Images.xcassets */; };
		A9BB61761A4DCD6700E4731B /* LaunchScreen.xib in Resources */ = {isa = PBXBuildFile; fileRef = A9BB61741A4DCD6700E4731B /* LaunchScreen.xib */; };
		A9BB61821A4DCD6700E4731B /* CaloriesTests.swift in Sources */ = {isa = PBXBuildFile; fileRef = A9BB61811A4DCD6700E4731B /* CaloriesTests.swift */; };
		A9BB618C1A4DDDEE00E4731B /* CalorieDetailViewController.swift in Sources */ = {isa = PBXBuildFile; fileRef = A9BB618B1A4DDDEE00E4731B /* CalorieDetailViewController.swift */; };
		A9C9CFB51C3415030010CBDE /* CalorieDetailTableViewCell.swift in Sources */ = {isa = PBXBuildFile; fileRef = A9C9CFB31C3415030010CBDE /* CalorieDetailTableViewCell.swift */; };
		A9C9CFB61C3415030010CBDE /* CalorieDetailTableViewCell.xib in Resources */ = {isa = PBXBuildFile; fileRef = A9C9CFB41C3415030010CBDE /* CalorieDetailTableViewCell.xib */; };
/* End PBXBuildFile section */

/* Begin PBXContainerItemProxy section */
		A9BB617C1A4DCD6700E4731B /* PBXContainerItemProxy */ = {
			isa = PBXContainerItemProxy;
			containerPortal = A9BB615B1A4DCD6700E4731B /* Project object */;
			proxyType = 1;
			remoteGlobalIDString = A9BB61621A4DCD6700E4731B;
			remoteInfo = Calories;
		};
/* End PBXContainerItemProxy section */

/* Begin PBXFileReference section */
		A92440EE1C001C1E0052A44D /* SettingsViewController.swift */ = {isa = PBXFileReference; fileEncoding = 4; lastKnownFileType = sourcecode.swift; name = SettingsViewController.swift; path = ../SettingsViewController.swift; sourceTree = "<group>"; };
		A92D5FC11BFAE1B900B028D4 /* CalorieTableViewCell.swift */ = {isa = PBXFileReference; fileEncoding = 4; lastKnownFileType = sourcecode.swift; path = CalorieTableViewCell.swift; sourceTree = "<group>"; };
		A92D5FC31BFAE1E600B028D4 /* CalorieTableViewCell.xib */ = {isa = PBXFileReference; fileEncoding = 4; lastKnownFileType = file.xib; path = CalorieTableViewCell.xib; sourceTree = "<group>"; };
		A93F9F981ABBE51200B547DB /* Plan */ = {isa = PBXFileReference; fileEncoding = 4; lastKnownFileType = text; path = Plan; sourceTree = "<group>"; };
		A95A40221C0F448100D08897 /* Calories.entitlements */ = {isa = PBXFileReference; lastKnownFileType = text.xml; path = Calories.entitlements; sourceTree = "<group>"; };
		A961274C1A4F1B530037BA46 /* SettingsModel.swift */ = {isa = PBXFileReference; fileEncoding = 4; lastKnownFileType = sourcecode.swift; path = SettingsModel.swift; sourceTree = "<group>"; };
		A961274E1A506E320037BA46 /* Calories 2.xcdatamodel */ = {isa = PBXFileReference; lastKnownFileType = wrapper.xcdatamodel; path = "Calories 2.xcdatamodel"; sourceTree = "<group>"; };
		A961274F1A50756B0037BA46 /* Food.h */ = {isa = PBXFileReference; fileEncoding = 4; lastKnownFileType = sourcecode.c.h; name = Food.h; path = ../Food.h; sourceTree = "<group>"; };
		A96127501A50756B0037BA46 /* Food.m */ = {isa = PBXFileReference; fileEncoding = 4; lastKnownFileType = sourcecode.c.objc; name = Food.m; path = ../Food.m; sourceTree = "<group>"; };
		A964B06F1BF1969B007686F5 /* NumberView.swift */ = {isa = PBXFileReference; fileEncoding = 4; lastKnownFileType = sourcecode.swift; path = NumberView.swift; sourceTree = "<group>"; };
		A964B0711BF19776007686F5 /* ThemeKit.swift */ = {isa = PBXFileReference; fileEncoding = 4; lastKnownFileType = sourcecode.swift; path = ThemeKit.swift; sourceTree = "<group>"; };
		A96F683A1AD3787200735CE1 /* Food+AdditionalMethods.h */ = {isa = PBXFileReference; fileEncoding = 4; lastKnownFileType = sourcecode.c.h; path = "Food+AdditionalMethods.h"; sourceTree = "<group>"; };
		A96F683B1AD3787200735CE1 /* Food+AdditionalMethods.m */ = {isa = PBXFileReference; fileEncoding = 4; lastKnownFileType = sourcecode.c.objc; path = "Food+AdditionalMethods.m"; sourceTree = "<group>"; };
		A97E9F2D1A542B3D00D40B5B /* Calories 3.xcdatamodel */ = {isa = PBXFileReference; lastKnownFileType = wrapper.xcdatamodel; path = "Calories 3.xcdatamodel"; sourceTree = "<group>"; };
		A9BB61631A4DCD6700E4731B /* Calorie Log.app */ = {isa = PBXFileReference; explicitFileType = wrapper.application; includeInIndex = 0; path = "Calorie Log.app"; sourceTree = BUILT_PRODUCTS_DIR; };
		A9BB61671A4DCD6700E4731B /* Info.plist */ = {isa = PBXFileReference; lastKnownFileType = text.plist.xml; path = Info.plist; sourceTree = "<group>"; };
		A9BB61681A4DCD6700E4731B /* AppDelegate.swift */ = {isa = PBXFileReference; lastKnownFileType = sourcecode.swift; path = AppDelegate.swift; sourceTree = "<group>"; };
		A9BB616B1A4DCD6700E4731B /* Calories.xcdatamodel */ = {isa = PBXFileReference; lastKnownFileType = wrapper.xcdatamodel; path = Calories.xcdatamodel; sourceTree = "<group>"; };
		A9BB616D1A4DCD6700E4731B /* CalorieListViewController.swift */ = {isa = PBXFileReference; lastKnownFileType = sourcecode.swift; path = CalorieListViewController.swift; sourceTree = "<group>"; };
		A9BB61701A4DCD6700E4731B /* Base */ = {isa = PBXFileReference; lastKnownFileType = file.storyboard; name = Base; path = Base.lproj/Main.storyboard; sourceTree = "<group>"; };
		A9BB61721A4DCD6700E4731B /* Images.xcassets */ = {isa = PBXFileReference; lastKnownFileType = folder.assetcatalog; path = Images.xcassets; sourceTree = "<group>"; };
		A9BB61751A4DCD6700E4731B /* Base */ = {isa = PBXFileReference; lastKnownFileType = file.xib; name = Base; path = Base.lproj/LaunchScreen.xib; sourceTree = "<group>"; };
		A9BB617B1A4DCD6700E4731B /* CaloriesTests.xctest */ = {isa = PBXFileReference; explicitFileType = wrapper.cfbundle; includeInIndex = 0; path = CaloriesTests.xctest; sourceTree = BUILT_PRODUCTS_DIR; };
		A9BB61801A4DCD6700E4731B /* Info.plist */ = {isa = PBXFileReference; lastKnownFileType = text.plist.xml; path = Info.plist; sourceTree = "<group>"; };
		A9BB61811A4DCD6700E4731B /* CaloriesTests.swift */ = {isa = PBXFileReference; lastKnownFileType = sourcecode.swift; path = CaloriesTests.swift; sourceTree = "<group>"; };
		A9BB618B1A4DDDEE00E4731B /* CalorieDetailViewController.swift */ = {isa = PBXFileReference; fileEncoding = 4; lastKnownFileType = sourcecode.swift; path = CalorieDetailViewController.swift; sourceTree = "<group>"; };
		A9BB61921A4DE61000E4731B /* Calories-Bridging-Header.h */ = {isa = PBXFileReference; lastKnownFileType = sourcecode.c.h; path = "Calories-Bridging-Header.h"; sourceTree = SOURCE_ROOT; };
		A9C9CFB31C3415030010CBDE /* CalorieDetailTableViewCell.swift */ = {isa = PBXFileReference; fileEncoding = 4; lastKnownFileType = sourcecode.swift; path = CalorieDetailTableViewCell.swift; sourceTree = "<group>"; };
		A9C9CFB41C3415030010CBDE /* CalorieDetailTableViewCell.xib */ = {isa = PBXFileReference; fileEncoding = 4; lastKnownFileType = file.xib; path = CalorieDetailTableViewCell.xib; sourceTree = "<group>"; };
/* End PBXFileReference section */

/* Begin PBXFrameworksBuildPhase section */
		A9BB61601A4DCD6700E4731B /* Frameworks */ = {
			isa = PBXFrameworksBuildPhase;
			buildActionMask = 2147483647;
			files = (
			);
			runOnlyForDeploymentPostprocessing = 0;
		};
		A9BB61781A4DCD6700E4731B /* Frameworks */ = {
			isa = PBXFrameworksBuildPhase;
			buildActionMask = 2147483647;
			files = (
			);
			runOnlyForDeploymentPostprocessing = 0;
		};
/* End PBXFrameworksBuildPhase section */

/* Begin PBXGroup section */
		A90CDD911A5D08CE00544B04 /* Views */ = {
			isa = PBXGroup;
			children = (
				A9BB616F1A4DCD6700E4731B /* Main.storyboard */,
				A964B0711BF19776007686F5 /* ThemeKit.swift */,
				A964B06F1BF1969B007686F5 /* NumberView.swift */,
				A92D5FC11BFAE1B900B028D4 /* CalorieTableViewCell.swift */,
				A92D5FC31BFAE1E600B028D4 /* CalorieTableViewCell.xib */,
				A9C9CFB31C3415030010CBDE /* CalorieDetailTableViewCell.swift */,
				A9C9CFB41C3415030010CBDE /* CalorieDetailTableViewCell.xib */,
			);
			name = Views;
			sourceTree = "<group>";
		};
		A93B49C51A5247A60019A296 /* Model */ = {
			isa = PBXGroup;
			children = (
				A9BB616A1A4DCD6700E4731B /* Calories.xcdatamodeld */,
				A961274C1A4F1B530037BA46 /* SettingsModel.swift */,
				A961274F1A50756B0037BA46 /* Food.h */,
				A96127501A50756B0037BA46 /* Food.m */,
				A96F683A1AD3787200735CE1 /* Food+AdditionalMethods.h */,
				A96F683B1AD3787200735CE1 /* Food+AdditionalMethods.m */,
			);
			name = Model;
			sourceTree = "<group>";
		};
		A93B49C61A5247B00019A296 /* Controllers */ = {
			isa = PBXGroup;
			children = (
				A9BB616D1A4DCD6700E4731B /* CalorieListViewController.swift */,
				A9BB618B1A4DDDEE00E4731B /* CalorieDetailViewController.swift */,
				A92440EE1C001C1E0052A44D /* SettingsViewController.swift */,
			);
			name = Controllers;
			sourceTree = "<group>";
		};
		A9BB615A1A4DCD6700E4731B = {
			isa = PBXGroup;
			children = (
				A93F9F981ABBE51200B547DB /* Plan */,
				A9BB61651A4DCD6700E4731B /* Calories */,
				A9BB617E1A4DCD6700E4731B /* CaloriesTests */,
				A9BB61641A4DCD6700E4731B /* Products */,
			);
			sourceTree = "<group>";
		};
		A9BB61641A4DCD6700E4731B /* Products */ = {
			isa = PBXGroup;
			children = (
				A9BB61631A4DCD6700E4731B /* Calorie Log.app */,
				A9BB617B1A4DCD6700E4731B /* CaloriesTests.xctest */,
			);
			name = Products;
			sourceTree = "<group>";
		};
		A9BB61651A4DCD6700E4731B /* Calories */ = {
			isa = PBXGroup;
			children = (
				A95A40221C0F448100D08897 /* Calories.entitlements */,
				A9BB61681A4DCD6700E4731B /* AppDelegate.swift */,
				A93B49C61A5247B00019A296 /* Controllers */,
				A90CDD911A5D08CE00544B04 /* Views */,
				A93B49C51A5247A60019A296 /* Model */,
				A9BB61721A4DCD6700E4731B /* Images.xcassets */,
				A9BB61741A4DCD6700E4731B /* LaunchScreen.xib */,
				A9BB61921A4DE61000E4731B /* Calories-Bridging-Header.h */,
				A9BB61661A4DCD6700E4731B /* Supporting Files */,
			);
			path = Calories;
			sourceTree = "<group>";
		};
		A9BB61661A4DCD6700E4731B /* Supporting Files */ = {
			isa = PBXGroup;
			children = (
				A9BB61671A4DCD6700E4731B /* Info.plist */,
			);
			name = "Supporting Files";
			sourceTree = "<group>";
		};
		A9BB617E1A4DCD6700E4731B /* CaloriesTests */ = {
			isa = PBXGroup;
			children = (
				A9BB61811A4DCD6700E4731B /* CaloriesTests.swift */,
				A9BB617F1A4DCD6700E4731B /* Supporting Files */,
			);
			path = CaloriesTests;
			sourceTree = "<group>";
		};
		A9BB617F1A4DCD6700E4731B /* Supporting Files */ = {
			isa = PBXGroup;
			children = (
				A9BB61801A4DCD6700E4731B /* Info.plist */,
			);
			name = "Supporting Files";
			sourceTree = "<group>";
		};
/* End PBXGroup section */

/* Begin PBXNativeTarget section */
		A9BB61621A4DCD6700E4731B /* Calorie Log */ = {
			isa = PBXNativeTarget;
			buildConfigurationList = A9BB61851A4DCD6700E4731B /* Build configuration list for PBXNativeTarget "Calorie Log" */;
			buildPhases = (
				A9BB615F1A4DCD6700E4731B /* Sources */,
				A9BB61601A4DCD6700E4731B /* Frameworks */,
				A9BB61611A4DCD6700E4731B /* Resources */,
			);
			buildRules = (
			);
			dependencies = (
			);
			name = "Calorie Log";
			productName = Calories;
			productReference = A9BB61631A4DCD6700E4731B /* Calorie Log.app */;
			productType = "com.apple.product-type.application";
		};
		A9BB617A1A4DCD6700E4731B /* CaloriesTests */ = {
			isa = PBXNativeTarget;
			buildConfigurationList = A9BB61881A4DCD6700E4731B /* Build configuration list for PBXNativeTarget "CaloriesTests" */;
			buildPhases = (
				A9BB61771A4DCD6700E4731B /* Sources */,
				A9BB61781A4DCD6700E4731B /* Frameworks */,
				A9BB61791A4DCD6700E4731B /* Resources */,
			);
			buildRules = (
			);
			dependencies = (
				A9BB617D1A4DCD6700E4731B /* PBXTargetDependency */,
			);
			name = CaloriesTests;
			productName = CaloriesTests;
			productReference = A9BB617B1A4DCD6700E4731B /* CaloriesTests.xctest */;
			productType = "com.apple.product-type.bundle.unit-test";
		};
/* End PBXNativeTarget section */

/* Begin PBXProject section */
		A9BB615B1A4DCD6700E4731B /* Project object */ = {
			isa = PBXProject;
			attributes = {
				LastSwiftUpdateCheck = 0700;
				LastUpgradeCheck = 0700;
				ORGANIZATIONNAME = "Bill Gestrich";
				TargetAttributes = {
					A9BB61621A4DCD6700E4731B = {
						CreatedOnToolsVersion = 6.1;
						DevelopmentTeam = 5K844XFC6W;
						LastSwiftMigration = 0810;
						SystemCapabilities = {
							com.apple.iCloud = {
								enabled = 1;
							};
						};
					};
					A9BB617A1A4DCD6700E4731B = {
						CreatedOnToolsVersion = 6.1;
						LastSwiftMigration = 0810;
						TestTargetID = A9BB61621A4DCD6700E4731B;
					};
				};
			};
			buildConfigurationList = A9BB615E1A4DCD6700E4731B /* Build configuration list for PBXProject "Calories" */;
			compatibilityVersion = "Xcode 3.2";
			developmentRegion = English;
			hasScannedForEncodings = 0;
			knownRegions = (
				en,
				Base,
			);
			mainGroup = A9BB615A1A4DCD6700E4731B;
			productRefGroup = A9BB61641A4DCD6700E4731B /* Products */;
			projectDirPath = "";
			projectRoot = "";
			targets = (
				A9BB61621A4DCD6700E4731B /* Calorie Log */,
				A9BB617A1A4DCD6700E4731B /* CaloriesTests */,
			);
		};
/* End PBXProject section */

/* Begin PBXResourcesBuildPhase section */
		A9BB61611A4DCD6700E4731B /* Resources */ = {
			isa = PBXResourcesBuildPhase;
			buildActionMask = 2147483647;
			files = (
				A9BB61711A4DCD6700E4731B /* Main.storyboard in Resources */,
				A9BB61761A4DCD6700E4731B /* LaunchScreen.xib in Resources */,
				A93F9F991ABBE51200B547DB /* Plan in Resources */,
				A9BB61731A4DCD6700E4731B /* Images.xcassets in Resources */,
				A9C9CFB61C3415030010CBDE /* CalorieDetailTableViewCell.xib in Resources */,
				A92D5FC41BFAE1E600B028D4 /* CalorieTableViewCell.xib in Resources */,
			);
			runOnlyForDeploymentPostprocessing = 0;
		};
		A9BB61791A4DCD6700E4731B /* Resources */ = {
			isa = PBXResourcesBuildPhase;
			buildActionMask = 2147483647;
			files = (
			);
			runOnlyForDeploymentPostprocessing = 0;
		};
/* End PBXResourcesBuildPhase section */

/* Begin PBXSourcesBuildPhase section */
		A9BB615F1A4DCD6700E4731B /* Sources */ = {
			isa = PBXSourcesBuildPhase;
			buildActionMask = 2147483647;
			files = (
				A9BB616E1A4DCD6700E4731B /* CalorieListViewController.swift in Sources */,
				A964B0701BF1969B007686F5 /* NumberView.swift in Sources */,
				A92440EF1C001C1E0052A44D /* SettingsViewController.swift in Sources */,
				A964B0721BF19776007686F5 /* ThemeKit.swift in Sources */,
				A96127511A50756B0037BA46 /* Food.m in Sources */,
				A9BB61691A4DCD6700E4731B /* AppDelegate.swift in Sources */,
				A96F683C1AD3787200735CE1 /* Food+AdditionalMethods.m in Sources */,
				A9BB616C1A4DCD6700E4731B /* Calories.xcdatamodeld in Sources */,
				A9C9CFB51C3415030010CBDE /* CalorieDetailTableViewCell.swift in Sources */,
				A9BB618C1A4DDDEE00E4731B /* CalorieDetailViewController.swift in Sources */,
				A961274D1A4F1B530037BA46 /* SettingsModel.swift in Sources */,
				A92D5FC21BFAE1B900B028D4 /* CalorieTableViewCell.swift in Sources */,
			);
			runOnlyForDeploymentPostprocessing = 0;
		};
		A9BB61771A4DCD6700E4731B /* Sources */ = {
			isa = PBXSourcesBuildPhase;
			buildActionMask = 2147483647;
			files = (
				A9BB61821A4DCD6700E4731B /* CaloriesTests.swift in Sources */,
			);
			runOnlyForDeploymentPostprocessing = 0;
		};
/* End PBXSourcesBuildPhase section */

/* Begin PBXTargetDependency section */
		A9BB617D1A4DCD6700E4731B /* PBXTargetDependency */ = {
			isa = PBXTargetDependency;
			target = A9BB61621A4DCD6700E4731B /* Calorie Log */;
			targetProxy = A9BB617C1A4DCD6700E4731B /* PBXContainerItemProxy */;
		};
/* End PBXTargetDependency section */

/* Begin PBXVariantGroup section */
		A9BB616F1A4DCD6700E4731B /* Main.storyboard */ = {
			isa = PBXVariantGroup;
			children = (
				A9BB61701A4DCD6700E4731B /* Base */,
			);
			name = Main.storyboard;
			sourceTree = "<group>";
		};
		A9BB61741A4DCD6700E4731B /* LaunchScreen.xib */ = {
			isa = PBXVariantGroup;
			children = (
				A9BB61751A4DCD6700E4731B /* Base */,
			);
			name = LaunchScreen.xib;
			sourceTree = "<group>";
		};
/* End PBXVariantGroup section */

/* Begin XCBuildConfiguration section */
		A9BB61831A4DCD6700E4731B /* Debug */ = {
			isa = XCBuildConfiguration;
			buildSettings = {
				ALWAYS_SEARCH_USER_PATHS = NO;
				CLANG_CXX_LANGUAGE_STANDARD = "gnu++0x";
				CLANG_CXX_LIBRARY = "libc++";
				CLANG_ENABLE_MODULES = YES;
				CLANG_ENABLE_OBJC_ARC = YES;
				CLANG_WARN_BOOL_CONVERSION = YES;
				CLANG_WARN_CONSTANT_CONVERSION = YES;
				CLANG_WARN_DIRECT_OBJC_ISA_USAGE = YES_ERROR;
				CLANG_WARN_EMPTY_BODY = YES;
				CLANG_WARN_ENUM_CONVERSION = YES;
				CLANG_WARN_INT_CONVERSION = YES;
				CLANG_WARN_OBJC_ROOT_CLASS = YES_ERROR;
				CLANG_WARN_UNREACHABLE_CODE = YES;
				CLANG_WARN__DUPLICATE_METHOD_MATCH = YES;
				"CODE_SIGN_IDENTITY[sdk=iphoneos*]" = "iPhone Developer";
				COPY_PHASE_STRIP = NO;
				ENABLE_STRICT_OBJC_MSGSEND = YES;
				ENABLE_TESTABILITY = YES;
				GCC_C_LANGUAGE_STANDARD = gnu99;
				GCC_DYNAMIC_NO_PIC = NO;
				GCC_OPTIMIZATION_LEVEL = 0;
				GCC_PREPROCESSOR_DEFINITIONS = (
					"DEBUG=1",
					"$(inherited)",
				);
				GCC_SYMBOLS_PRIVATE_EXTERN = NO;
				GCC_WARN_64_TO_32_BIT_CONVERSION = YES;
				GCC_WARN_ABOUT_RETURN_TYPE = YES_ERROR;
				GCC_WARN_UNDECLARED_SELECTOR = YES;
				GCC_WARN_UNINITIALIZED_AUTOS = YES_AGGRESSIVE;
				GCC_WARN_UNUSED_FUNCTION = YES;
				GCC_WARN_UNUSED_VARIABLE = YES;
				IPHONEOS_DEPLOYMENT_TARGET = 8.1;
				MTL_ENABLE_DEBUG_INFO = YES;
				ONLY_ACTIVE_ARCH = YES;
				SDKROOT = iphoneos;
				SWIFT_OPTIMIZATION_LEVEL = "-Onone";
				TARGETED_DEVICE_FAMILY = "1,2";
			};
			name = Debug;
		};
		A9BB61841A4DCD6700E4731B /* Release */ = {
			isa = XCBuildConfiguration;
			buildSettings = {
				ALWAYS_SEARCH_USER_PATHS = NO;
				CLANG_CXX_LANGUAGE_STANDARD = "gnu++0x";
				CLANG_CXX_LIBRARY = "libc++";
				CLANG_ENABLE_MODULES = YES;
				CLANG_ENABLE_OBJC_ARC = YES;
				CLANG_WARN_BOOL_CONVERSION = YES;
				CLANG_WARN_CONSTANT_CONVERSION = YES;
				CLANG_WARN_DIRECT_OBJC_ISA_USAGE = YES_ERROR;
				CLANG_WARN_EMPTY_BODY = YES;
				CLANG_WARN_ENUM_CONVERSION = YES;
				CLANG_WARN_INT_CONVERSION = YES;
				CLANG_WARN_OBJC_ROOT_CLASS = YES_ERROR;
				CLANG_WARN_UNREACHABLE_CODE = YES;
				CLANG_WARN__DUPLICATE_METHOD_MATCH = YES;
				"CODE_SIGN_IDENTITY[sdk=iphoneos*]" = "iPhone Developer";
				COPY_PHASE_STRIP = YES;
				ENABLE_NS_ASSERTIONS = NO;
				ENABLE_STRICT_OBJC_MSGSEND = YES;
				GCC_C_LANGUAGE_STANDARD = gnu99;
				GCC_WARN_64_TO_32_BIT_CONVERSION = YES;
				GCC_WARN_ABOUT_RETURN_TYPE = YES_ERROR;
				GCC_WARN_UNDECLARED_SELECTOR = YES;
				GCC_WARN_UNINITIALIZED_AUTOS = YES_AGGRESSIVE;
				GCC_WARN_UNUSED_FUNCTION = YES;
				GCC_WARN_UNUSED_VARIABLE = YES;
				IPHONEOS_DEPLOYMENT_TARGET = 8.1;
				MTL_ENABLE_DEBUG_INFO = NO;
				SDKROOT = iphoneos;
				TARGETED_DEVICE_FAMILY = "1,2";
				VALIDATE_PRODUCT = YES;
			};
			name = Release;
		};
		A9BB61861A4DCD6700E4731B /* Debug */ = {
			isa = XCBuildConfiguration;
			buildSettings = {
				ASSETCATALOG_COMPILER_APPICON_NAME = AppIcon;
				CLANG_ENABLE_MODULES = YES;
				CODE_SIGN_ENTITLEMENTS = Calories/Calories.entitlements;
				CODE_SIGN_IDENTITY = "iPhone Developer";
				"CODE_SIGN_IDENTITY[sdk=iphoneos*]" = "iPhone Developer";
				INFOPLIST_FILE = Calories/Info.plist;
				IPHONEOS_DEPLOYMENT_TARGET = 9.0;
				LD_RUNPATH_SEARCH_PATHS = "$(inherited) @executable_path/Frameworks";
				PRODUCT_BUNDLE_IDENTIFIER = "org.gestrich.calorie-log";
				PRODUCT_NAME = "$(TARGET_NAME)";
				PROVISIONING_PROFILE = "";
				SWIFT_OBJC_BRIDGING_HEADER = "Calories-Bridging-Header.h";
				SWIFT_OPTIMIZATION_LEVEL = "-Onone";
				SWIFT_VERSION = 3.0;
				TARGETED_DEVICE_FAMILY = 1;
			};
			name = Debug;
		};
		A9BB61871A4DCD6700E4731B /* Release */ = {
			isa = XCBuildConfiguration;
			buildSettings = {
				ASSETCATALOG_COMPILER_APPICON_NAME = AppIcon;
				CLANG_ENABLE_MODULES = YES;
				CODE_SIGN_ENTITLEMENTS = Calories/Calories.entitlements;
				CODE_SIGN_IDENTITY = "iPhone Developer";
				"CODE_SIGN_IDENTITY[sdk=iphoneos*]" = "iPhone Developer";
				INFOPLIST_FILE = Calories/Info.plist;
				IPHONEOS_DEPLOYMENT_TARGET = 9.0;
				LD_RUNPATH_SEARCH_PATHS = "$(inherited) @executable_path/Frameworks";
				PRODUCT_BUNDLE_IDENTIFIER = "org.gestrich.calorie-log";
				PRODUCT_NAME = "$(TARGET_NAME)";
				PROVISIONING_PROFILE = "";
				SWIFT_OBJC_BRIDGING_HEADER = "Calories-Bridging-Header.h";
				SWIFT_VERSION = 3.0;
				TARGETED_DEVICE_FAMILY = 1;
			};
			name = Release;
		};
		A9BB61891A4DCD6700E4731B /* Debug */ = {
			isa = XCBuildConfiguration;
			buildSettings = {
				BUNDLE_LOADER = "$(TEST_HOST)";
				FRAMEWORK_SEARCH_PATHS = "$(inherited)";
				GCC_PREPROCESSOR_DEFINITIONS = (
					"DEBUG=1",
					"$(inherited)",
				);
				INFOPLIST_FILE = CaloriesTests/Info.plist;
				LD_RUNPATH_SEARCH_PATHS = "$(inherited) @executable_path/Frameworks @loader_path/Frameworks";
				PRODUCT_BUNDLE_IDENTIFIER = "org.gestrich.$(PRODUCT_NAME:rfc1034identifier)";
				PRODUCT_NAME = "$(TARGET_NAME)";
				SWIFT_VERSION = 3.0;
				TEST_HOST = "$(BUILT_PRODUCTS_DIR)/Calorie Log.app/Calorie Log";
			};
			name = Debug;
		};
		A9BB618A1A4DCD6700E4731B /* Release */ = {
			isa = XCBuildConfiguration;
			buildSettings = {
				BUNDLE_LOADER = "$(TEST_HOST)";
				FRAMEWORK_SEARCH_PATHS = "$(inherited)";
				INFOPLIST_FILE = CaloriesTests/Info.plist;
				LD_RUNPATH_SEARCH_PATHS = "$(inherited) @executable_path/Frameworks @loader_path/Frameworks";
				PRODUCT_BUNDLE_IDENTIFIER = "org.gestrich.$(PRODUCT_NAME:rfc1034identifier)";
				PRODUCT_NAME = "$(TARGET_NAME)";
				SWIFT_VERSION = 3.0;
				TEST_HOST = "$(BUILT_PRODUCTS_DIR)/Calorie Log.app/Calorie Log";
			};
			name = Release;
		};
/* End XCBuildConfiguration section */

/* Begin XCConfigurationList section */
		A9BB615E1A4DCD6700E4731B /* Build configuration list for PBXProject "Calories" */ = {
			isa = XCConfigurationList;
			buildConfigurations = (
				A9BB61831A4DCD6700E4731B /* Debug */,
				A9BB61841A4DCD6700E4731B /* Release */,
			);
			defaultConfigurationIsVisible = 0;
			defaultConfigurationName = Release;
		};
		A9BB61851A4DCD6700E4731B /* Build configuration list for PBXNativeTarget "Calorie Log" */ = {
			isa = XCConfigurationList;
			buildConfigurations = (
				A9BB61861A4DCD6700E4731B /* Debug */,
				A9BB61871A4DCD6700E4731B /* Release */,
			);
			defaultConfigurationIsVisible = 0;
			defaultConfigurationName = Release;
		};
		A9BB61881A4DCD6700E4731B /* Build configuration list for PBXNativeTarget "CaloriesTests" */ = {
			isa = XCConfigurationList;
			buildConfigurations = (
				A9BB61891A4DCD6700E4731B /* Debug */,
				A9BB618A1A4DCD6700E4731B /* Release */,
			);
			defaultConfigurationIsVisible = 0;
			defaultConfigurationName = Release;
		};
/* End XCConfigurationList section */

/* Begin XCVersionGroup section */
		A9BB616A1A4DCD6700E4731B /* Calories.xcdatamodeld */ = {
			isa = XCVersionGroup;
			children = (
				A97E9F2D1A542B3D00D40B5B /* Calories 3.xcdatamodel */,
				A961274E1A506E320037BA46 /* Calories 2.xcdatamodel */,
				A9BB616B1A4DCD6700E4731B /* Calories.xcdatamodel */,
			);
			currentVersion = A97E9F2D1A542B3D00D40B5B /* Calories 3.xcdatamodel */;
			path = Calories.xcdatamodeld;
			sourceTree = "<group>";
			versionGroupType = wrapper.xcdatamodel;
		};
/* End XCVersionGroup section */
	};
	rootObject = A9BB615B1A4DCD6700E4731B /* Project object */;
}
